{
  "name": "odsserver",
  "version": "1.0.0",
  "lockfileVersion": 1,
  "requires": true,
  "dependencies": {
    "bindings": {
      "version": "1.2.1",
      "resolved": "https://registry.npmjs.org/bindings/-/bindings-1.2.1.tgz",
      "integrity": "sha1-FK1hE4EtLTfXLme0ystLtyZQXxE="
    },
    "mdns": {
      "version": "2.4.0",
      "resolved": "https://registry.npmjs.org/mdns/-/mdns-2.4.0.tgz",
      "integrity": "sha512-t58BWOyagGpATg8LlALpnqjfT7VHBq6/HCLfU/SK0Ox+enx3Cut7voWB9DPwjrdoccql6Z6ZY1rwuBX93t0Vpw==",
      "requires": {
        "bindings": "1.2.1",
        "nan": "2.10.0"
      }
    },
    "nan": {
      "version": "2.10.0",
      "resolved": "https://registry.npmjs.org/nan/-/nan-2.10.0.tgz",
      "integrity": "sha512-bAdJv7fBLhWC+/Bls0Oza+mvTaNQtP+1RyhhhvD95pgUJz6XM5IzgmxOkItJ9tkoCiplvAnXI1tNmmUD/eScyA=="
    }
  }
}
